
Microsoft Visual Studio Solution File, Format Version 12.00
# Visual Studio 15
VisualStudioVersion = 15.0.28306.52
MinimumVisualStudioVersion = 10.0.40219.1
Project("{FAE04EC0-301F-11D3-BF4B-00C04F79EFBC}") = "ICC.Android", "ICC\ICC.Android\ICC.Android.csproj", "{24CE3C36-16B9-426D-AA0C-5961ECF8D88C}"
EndProject
Project("{FAE04EC0-301F-11D3-BF4B-00C04F79EFBC}") = "ICC.iOS", "ICC\ICC.iOS\ICC.iOS.csproj", "{0FE8A0D6-A8C1-4802-A390-1DD6D04CF4BB}"
EndProject
Project("{FAE04EC0-301F-11D3-BF4B-00C04F79EFBC}") = "ICC.UWP", "ICC\ICC.UWP\ICC.UWP.csproj", "{B250D309-B928-4C8E-8DEC-8398C9A75A6B}"
EndProject
Project("{FAE04EC0-301F-11D3-BF4B-00C04F79EFBC}") = "ICC", "ICC\ICC\ICC.csproj", "{FA1EFC30-31A8-42A5-BAFA-B4AAFF512293}"
EndProject
Global
	GlobalSection(SolutionConfigurationPlatforms) = preSolution
		Debug|Any CPU = Debug|Any CPU
		Debug|ARM = Debug|ARM
		Debug|iPhone = Debug|iPhone
		Debug|iPhoneSimulator = Debug|iPhoneSimulator
		Debug|x64 = Debug|x64
		Debug|x86 = Debug|x86
		Release|Any CPU = Release|Any CPU
		Release|ARM = Release|ARM
		Release|iPhone = Release|iPhone
		Release|iPhoneSimulator = Release|iPhoneSimulator
		Release|x64 = Release|x64
		Release|x86 = Release|x86
	EndGlobalSection
	GlobalSection(ProjectConfigurationPlatforms) = postSolution
		{24CE3C36-16B9-426D-AA0C-5961ECF8D88C}.Debug|Any CPU.ActiveCfg = Debug|Any CPU
		{24CE3C36-16B9-426D-AA0C-5961ECF8D88C}.Debug|Any CPU.Build.0 = Debug|Any CPU
		{24CE3C36-16B9-426D-AA0C-5961ECF8D88C}.Debug|Any CPU.Deploy.0 = Debug|Any CPU
		{24CE3C36-16B9-426D-AA0C-5961ECF8D88C}.Debug|ARM.ActiveCfg = Debug|Any CPU
		{24CE3C36-16B9-426D-AA0C-5961ECF8D88C}.Debug|ARM.Build.0 = Debug|Any CPU
		{24CE3C36-16B9-426D-AA0C-5961ECF8D88C}.Debug|ARM.Deploy.0 = Debug|Any CPU
		{24CE3C36-16B9-426D-AA0C-5961ECF8D88C}.Debug|iPhone.ActiveCfg = Debug|Any CPU
		{24CE3C36-16B9-426D-AA0C-5961ECF8D88C}.Debug|iPhone.Build.0 = Debug|Any CPU
		{24CE3C36-16B9-426D-AA0C-5961ECF8D88C}.Debug|iPhone.Deploy.0 = Debug|Any CPU
		{24CE3C36-16B9-426D-AA0C-5961ECF8D88C}.Debug|iPhoneSimulator.ActiveCfg = Debug|Any CPU
		{24CE3C36-16B9-426D-AA0C-5961ECF8D88C}.Debug|iPhoneSimulator.Build.0 = Debug|Any CPU
		{24CE3C36-16B9-426D-AA0C-5961ECF8D88C}.Debug|iPhoneSimulator.Deploy.0 = Debug|Any CPU
		{24CE3C36-16B9-426D-AA0C-5961ECF8D88C}.Debug|x64.ActiveCfg = Debug|Any CPU
		{24CE3C36-16B9-426D-AA0C-5961ECF8D88C}.Debug|x64.Build.0 = Debug|Any CPU
		{24CE3C36-16B9-426D-AA0C-5961ECF8D88C}.Debug|x64.Deploy.0 = Debug|Any CPU
		{24CE3C36-16B9-426D-AA0C-5961ECF8D88C}.Debug|x86.ActiveCfg = Debug|Any CPU
		{24CE3C36-16B9-426D-AA0C-5961ECF8D88C}.Debug|x86.Build.0 = Debug|Any CPU
		{24CE3C36-16B9-426D-AA0C-5961ECF8D88C}.Debug|x86.Deploy.0 = Debug|Any CPU
		{24CE3C36-16B9-426D-AA0C-5961ECF8D88C}.Release|Any CPU.ActiveCfg = Release|Any CPU
		{24CE3C36-16B9-426D-AA0C-5961ECF8D88C}.Release|Any CPU.Build.0 = Release|Any CPU
		{24CE3C36-16B9-426D-AA0C-5961ECF8D88C}.Release|Any CPU.Deploy.0 = Release|Any CPU
		{24CE3C36-16B9-426D-AA0C-5961ECF8D88C}.Release|ARM.ActiveCfg = Release|Any CPU
		{24CE3C36-16B9-426D-AA0C-5961ECF8D88C}.Release|ARM.Build.0 = Release|Any CPU
		{24CE3C36-16B9-426D-AA0C-5961ECF8D88C}.Release|ARM.Deploy.0 = Release|Any CPU
		{24CE3C36-16B9-426D-AA0C-5961ECF8D88C}.Release|iPhone.ActiveCfg = Release|Any CPU
		{24CE3C36-16B9-426D-AA0C-5961ECF8D88C}.Release|iPhone.Build.0 = Release|Any CPU
		{24CE3C36-16B9-426D-AA0C-5961ECF8D88C}.Release|iPhone.Deploy.0 = Release|Any CPU
		{24CE3C36-16B9-426D-AA0C-5961ECF8D88C}.Release|iPhoneSimulator.ActiveCfg = Release|Any CPU
		{24CE3C36-16B9-426D-AA0C-5961ECF8D88C}.Release|iPhoneSimulator.Build.0 = Release|Any CPU
		{24CE3C36-16B9-426D-AA0C-5961ECF8D88C}.Release|iPhoneSimulator.Deploy.0 = Release|Any CPU
		{24CE3C36-16B9-426D-AA0C-5961ECF8D88C}.Release|x64.ActiveCfg = Release|Any CPU
		{24CE3C36-16B9-426D-AA0C-5961ECF8D88C}.Release|x64.Build.0 = Release|Any CPU
		{24CE3C36-16B9-426D-AA0C-5961ECF8D88C}.Release|x64.Deploy.0 = Release|Any CPU
		{24CE3C36-16B9-426D-AA0C-5961ECF8D88C}.Release|x86.ActiveCfg = Release|Any CPU
		{24CE3C36-16B9-426D-AA0C-5961ECF8D88C}.Release|x86.Build.0 = Release|Any CPU
		{24CE3C36-16B9-426D-AA0C-5961ECF8D88C}.Release|x86.Deploy.0 = Release|Any CPU
		{0FE8A0D6-A8C1-4802-A390-1DD6D04CF4BB}.Debug|Any CPU.ActiveCfg = Debug|iPhoneSimulator
		{0FE8A0D6-A8C1-4802-A390-1DD6D04CF4BB}.Debug|Any CPU.Build.0 = Debug|iPhoneSimulator
		{0FE8A0D6-A8C1-4802-A390-1DD6D04CF4BB}.Debug|Any CPU.Deploy.0 = Debug|iPhoneSimulator
		{0FE8A0D6-A8C1-4802-A390-1DD6D04CF4BB}.Debug|ARM.ActiveCfg = Debug|iPhone
		{0FE8A0D6-A8C1-4802-A390-1DD6D04CF4BB}.Debug|ARM.Build.0 = Debug|iPhone
		{0FE8A0D6-A8C1-4802-A390-1DD6D04CF4BB}.Debug|ARM.Deploy.0 = Debug|iPhone
		{0FE8A0D6-A8C1-4802-A390-1DD6D04CF4BB}.Debug|iPhone.ActiveCfg = Debug|iPhone
		{0FE8A0D6-A8C1-4802-A390-1DD6D04CF4BB}.Debug|iPhone.Build.0 = Debug|iPhone
		{0FE8A0D6-A8C1-4802-A390-1DD6D04CF4BB}.Debug|iPhone.Deploy.0 = Debug|iPhone
		{0FE8A0D6-A8C1-4802-A390-1DD6D04CF4BB}.Debug|iPhoneSimulator.ActiveCfg = Debug|iPhoneSimulator
		{0FE8A0D6-A8C1-4802-A390-1DD6D04CF4BB}.Debug|iPhoneSimulator.Build.0 = Debug|iPhoneSimulator
		{0FE8A0D6-A8C1-4802-A390-1DD6D04CF4BB}.Debug|iPhoneSimulator.Deploy.0 = Debug|iPhoneSimulator
		{0FE8A0D6-A8C1-4802-A390-1DD6D04CF4BB}.Debug|x64.ActiveCfg = Debug|iPhone
		{0FE8A0D6-A8C1-4802-A390-1DD6D04CF4BB}.Debug|x64.Build.0 = Debug|iPhone
		{0FE8A0D6-A8C1-4802-A390-1DD6D04CF4BB}.Debug|x64.Deploy.0 = Debug|iPhone
		{0FE8A0D6-A8C1-4802-A390-1DD6D04CF4BB}.Debug|x86.ActiveCfg = Debug|iPhone
		{0FE8A0D6-A8C1-4802-A390-1DD6D04CF4BB}.Debug|x86.Build.0 = Debug|iPhone
		{0FE8A0D6-A8C1-4802-A390-1DD6D04CF4BB}.Debug|x86.Deploy.0 = Debug|iPhone
		{0FE8A0D6-A8C1-4802-A390-1DD6D04CF4BB}.Release|Any CPU.ActiveCfg = Release|iPhone
		{0FE8A0D6-A8C1-4802-A390-1DD6D04CF4BB}.Release|Any CPU.Build.0 = Release|iPhone
		{0FE8A0D6-A8C1-4802-A390-1DD6D04CF4BB}.Release|Any CPU.Deploy.0 = Release|iPhone
		{0FE8A0D6-A8C1-4802-A390-1DD6D04CF4BB}.Release|ARM.ActiveCfg = Release|iPhone
		{0FE8A0D6-A8C1-4802-A390-1DD6D04CF4BB}.Release|ARM.Build.0 = Release|iPhone
		{0FE8A0D6-A8C1-4802-A390-1DD6D04CF4BB}.Release|ARM.Deploy.0 = Release|iPhone
		{0FE8A0D6-A8C1-4802-A390-1DD6D04CF4BB}.Release|iPhone.ActiveCfg = Release|iPhone
		{0FE8A0D6-A8C1-4802-A390-1DD6D04CF4BB}.Release|iPhone.Build.0 = Release|iPhone
		{0FE8A0D6-A8C1-4802-A390-1DD6D04CF4BB}.Release|iPhone.Deploy.0 = Release|iPhone
		{0FE8A0D6-A8C1-4802-A390-1DD6D04CF4BB}.Release|iPhoneSimulator.ActiveCfg = Release|iPhoneSimulator
		{0FE8A0D6-A8C1-4802-A390-1DD6D04CF4BB}.Release|iPhoneSimulator.Build.0 = Release|iPhoneSimulator
		{0FE8A0D6-A8C1-4802-A390-1DD6D04CF4BB}.Release|iPhoneSimulator.Deploy.0 = Release|iPhoneSimulator
		{0FE8A0D6-A8C1-4802-A390-1DD6D04CF4BB}.Release|x64.ActiveCfg = Release|iPhone
		{0FE8A0D6-A8C1-4802-A390-1DD6D04CF4BB}.Release|x64.Build.0 = Release|iPhone
		{0FE8A0D6-A8C1-4802-A390-1DD6D04CF4BB}.Release|x64.Deploy.0 = Release|iPhone
		{0FE8A0D6-A8C1-4802-A390-1DD6D04CF4BB}.Release|x86.ActiveCfg = Release|iPhone
		{0FE8A0D6-A8C1-4802-A390-1DD6D04CF4BB}.Release|x86.Build.0 = Release|iPhone
		{0FE8A0D6-A8C1-4802-A390-1DD6D04CF4BB}.Release|x86.Deploy.0 = Release|iPhone
		{B250D309-B928-4C8E-8DEC-8398C9A75A6B}.Debug|Any CPU.ActiveCfg = Debug|x86
		{B250D309-B928-4C8E-8DEC-8398C9A75A6B}.Debug|Any CPU.Build.0 = Debug|x86
		{B250D309-B928-4C8E-8DEC-8398C9A75A6B}.Debug|Any CPU.Deploy.0 = Debug|x86
		{B250D309-B928-4C8E-8DEC-8398C9A75A6B}.Debug|ARM.ActiveCfg = Debug|ARM
		{B250D309-B928-4C8E-8DEC-8398C9A75A6B}.Debug|ARM.Build.0 = Debug|ARM
		{B250D309-B928-4C8E-8DEC-8398C9A75A6B}.Debug|ARM.Deploy.0 = Debug|ARM
		{B250D309-B928-4C8E-8DEC-8398C9A75A6B}.Debug|iPhone.ActiveCfg = Debug|x86
		{B250D309-B928-4C8E-8DEC-8398C9A75A6B}.Debug|iPhone.Build.0 = Debug|x86
		{B250D309-B928-4C8E-8DEC-8398C9A75A6B}.Debug|iPhone.Deploy.0 = Debug|x86
		{B250D309-B928-4C8E-8DEC-8398C9A75A6B}.Debug|iPhoneSimulator.ActiveCfg = Debug|x86
		{B250D309-B928-4C8E-8DEC-8398C9A75A6B}.Debug|iPhoneSimulator.Build.0 = Debug|x86
		{B250D309-B928-4C8E-8DEC-8398C9A75A6B}.Debug|iPhoneSimulator.Deploy.0 = Debug|x86
		{B250D309-B928-4C8E-8DEC-8398C9A75A6B}.Debug|x64.ActiveCfg = Debug|x64
		{B250D309-B928-4C8E-8DEC-8398C9A75A6B}.Debug|x64.Build.0 = Debug|x64
		{B250D309-B928-4C8E-8DEC-8398C9A75A6B}.Debug|x64.Deploy.0 = Debug|x64
		{B250D309-B928-4C8E-8DEC-8398C9A75A6B}.Debug|x86.ActiveCfg = Debug|x86
		{B250D309-B928-4C8E-8DEC-8398C9A75A6B}.Debug|x86.Build.0 = Debug|x86
		{B250D309-B928-4C8E-8DEC-8398C9A75A6B}.Debug|x86.Deploy.0 = Debug|x86
		{B250D309-B928-4C8E-8DEC-8398C9A75A6B}.Release|Any CPU.ActiveCfg = Release|x86
		{B250D309-B928-4C8E-8DEC-8398C9A75A6B}.Release|Any CPU.Build.0 = Release|x86
		{B250D309-B928-4C8E-8DEC-8398C9A75A6B}.Release|Any CPU.Deploy.0 = Release|x86
		{B250D309-B928-4C8E-8DEC-8398C9A75A6B}.Release|ARM.ActiveCfg = Release|ARM
		{B250D309-B928-4C8E-8DEC-8398C9A75A6B}.Release|ARM.Build.0 = Release|ARM
		{B250D309-B928-4C8E-8DEC-8398C9A75A6B}.Release|ARM.Deploy.0 = Release|ARM
		{B250D309-B928-4C8E-8DEC-8398C9A75A6B}.Release|iPhone.ActiveCfg = Release|x86
		{B250D309-B928-4C8E-8DEC-8398C9A75A6B}.Release|iPhone.Build.0 = Release|x86
		{B250D309-B928-4C8E-8DEC-8398C9A75A6B}.Release|iPhone.Deploy.0 = Release|x86
		{B250D309-B928-4C8E-8DEC-8398C9A75A6B}.Release|iPhoneSimulator.ActiveCfg = Release|x86
		{B250D309-B928-4C8E-8DEC-8398C9A75A6B}.Release|iPhoneSimulator.Build.0 = Release|x86
		{B250D309-B928-4C8E-8DEC-8398C9A75A6B}.Release|iPhoneSimulator.Deploy.0 = Release|x86
		{B250D309-B928-4C8E-8DEC-8398C9A75A6B}.Release|x64.ActiveCfg = Release|x64
		{B250D309-B928-4C8E-8DEC-8398C9A75A6B}.Release|x64.Build.0 = Release|x64
		{B250D309-B928-4C8E-8DEC-8398C9A75A6B}.Release|x64.Deploy.0 = Release|x64
		{B250D309-B928-4C8E-8DEC-8398C9A75A6B}.Release|x86.ActiveCfg = Release|x86
		{B250D309-B928-4C8E-8DEC-8398C9A75A6B}.Release|x86.Build.0 = Release|x86
		{B250D309-B928-4C8E-8DEC-8398C9A75A6B}.Release|x86.Deploy.0 = Release|x86
		{FA1EFC30-31A8-42A5-BAFA-B4AAFF512293}.Debug|Any CPU.ActiveCfg = Debug|Any CPU
		{FA1EFC30-31A8-42A5-BAFA-B4AAFF512293}.Debug|Any CPU.Build.0 = Debug|Any CPU
		{FA1EFC30-31A8-42A5-BAFA-B4AAFF512293}.Debug|Any CPU.Deploy.0 = Debug|Any CPU
		{FA1EFC30-31A8-42A5-BAFA-B4AAFF512293}.Debug|ARM.ActiveCfg = Debug|Any CPU
		{FA1EFC30-31A8-42A5-BAFA-B4AAFF512293}.Debug|ARM.Build.0 = Debug|Any CPU
		{FA1EFC30-31A8-42A5-BAFA-B4AAFF512293}.Debug|ARM.Deploy.0 = Debug|Any CPU
		{FA1EFC30-31A8-42A5-BAFA-B4AAFF512293}.Debug|iPhone.ActiveCfg = Debug|Any CPU
		{FA1EFC30-31A8-42A5-BAFA-B4AAFF512293}.Debug|iPhone.Build.0 = Debug|Any CPU
		{FA1EFC30-31A8-42A5-BAFA-B4AAFF512293}.Debug|iPhone.Deploy.0 = Debug|Any CPU
		{FA1EFC30-31A8-42A5-BAFA-B4AAFF512293}.Debug|iPhoneSimulator.ActiveCfg = Debug|Any CPU
		{FA1EFC30-31A8-42A5-BAFA-B4AAFF512293}.Debug|iPhoneSimulator.Build.0 = Debug|Any CPU
		{FA1EFC30-31A8-42A5-BAFA-B4AAFF512293}.Debug|iPhoneSimulator.Deploy.0 = Debug|Any CPU
		{FA1EFC30-31A8-42A5-BAFA-B4AAFF512293}.Debug|x64.ActiveCfg = Debug|Any CPU
		{FA1EFC30-31A8-42A5-BAFA-B4AAFF512293}.Debug|x64.Build.0 = Debug|Any CPU
		{FA1EFC30-31A8-42A5-BAFA-B4AAFF512293}.Debug|x64.Deploy.0 = Debug|Any CPU
		{FA1EFC30-31A8-42A5-BAFA-B4AAFF512293}.Debug|x86.ActiveCfg = Debug|Any CPU
		{FA1EFC30-31A8-42A5-BAFA-B4AAFF512293}.Debug|x86.Build.0 = Debug|Any CPU
		{FA1EFC30-31A8-42A5-BAFA-B4AAFF512293}.Debug|x86.Deploy.0 = Debug|Any CPU
		{FA1EFC30-31A8-42A5-BAFA-B4AAFF512293}.Release|Any CPU.ActiveCfg = Release|Any CPU
		{FA1EFC30-31A8-42A5-BAFA-B4AAFF512293}.Release|Any CPU.Build.0 = Release|Any CPU
		{FA1EFC30-31A8-42A5-BAFA-B4AAFF512293}.Release|Any CPU.Deploy.0 = Release|Any CPU
		{FA1EFC30-31A8-42A5-BAFA-B4AAFF512293}.Release|ARM.ActiveCfg = Release|Any CPU
		{FA1EFC30-31A8-42A5-BAFA-B4AAFF512293}.Release|ARM.Build.0 = Release|Any CPU
		{FA1EFC30-31A8-42A5-BAFA-B4AAFF512293}.Release|ARM.Deploy.0 = Release|Any CPU
		{FA1EFC30-31A8-42A5-BAFA-B4AAFF512293}.Release|iPhone.ActiveCfg = Release|Any CPU
		{FA1EFC30-31A8-42A5-BAFA-B4AAFF512293}.Release|iPhone.Build.0 = Release|Any CPU
		{FA1EFC30-31A8-42A5-BAFA-B4AAFF512293}.Release|iPhone.Deploy.0 = Release|Any CPU
		{FA1EFC30-31A8-42A5-BAFA-B4AAFF512293}.Release|iPhoneSimulator.ActiveCfg = Release|Any CPU
		{FA1EFC30-31A8-42A5-BAFA-B4AAFF512293}.Release|iPhoneSimulator.Build.0 = Release|Any CPU
		{FA1EFC30-31A8-42A5-BAFA-B4AAFF512293}.Release|iPhoneSimulator.Deploy.0 = Release|Any CPU
		{FA1EFC30-31A8-42A5-BAFA-B4AAFF512293}.Release|x64.ActiveCfg = Release|Any CPU
		{FA1EFC30-31A8-42A5-BAFA-B4AAFF512293}.Release|x64.Build.0 = Release|Any CPU
		{FA1EFC30-31A8-42A5-BAFA-B4AAFF512293}.Release|x64.Deploy.0 = Release|Any CPU
		{FA1EFC30-31A8-42A5-BAFA-B4AAFF512293}.Release|x86.ActiveCfg = Release|Any CPU
		{FA1EFC30-31A8-42A5-BAFA-B4AAFF512293}.Release|x86.Build.0 = Release|Any CPU
		{FA1EFC30-31A8-42A5-BAFA-B4AAFF512293}.Release|x86.Deploy.0 = Release|Any CPU
	EndGlobalSection
	GlobalSection(SolutionProperties) = preSolution
		HideSolutionNode = FALSE
	EndGlobalSection
	GlobalSection(ExtensibilityGlobals) = postSolution
		SolutionGuid = {DEFAAED1-B7B5-4D7E-B40F-7C651709821D}
	EndGlobalSection
EndGlobal
